
Microsoft Visual Studio Solution File, Format Version 12.00
Project("{FAE04EC0-301F-11D3-BF4B-00C04F79EFBC}") = "CTFPlatform", "CTFPlatform\CTFPlatform\CTFPlatform.csproj", "{57A599D4-9AA4-44E1-906D-70E388E61846}"
EndProject
Project("{FAE04EC0-301F-11D3-BF4B-00C04F79EFBC}") = "CTFPlatform.Client", "CTFPlatform\CTFPlatform.Client\CTFPlatform.Client.csproj", "{DA090823-D96D-453B-B06C-B7C0542DFCD4}"
EndProject
Project("{2150E333-8FDC-42A3-9474-1A3956D46DE8}") = "Solution Items", "Solution Items", "{39C81877-1A2C-471D-9F1C-E89706DD0E31}"
	ProjectSection(SolutionItems) = preProject
		docker-compose.yaml = docker-compose.yaml
		Dockerfile = Dockerfile
		.dockerignore = .dockerignore
	EndProjectSection
EndProject
Global
	GlobalSection(SolutionConfigurationPlatforms) = preSolution
		Debug|Any CPU = Debug|Any CPU
		Release|Any CPU = Release|Any CPU
	EndGlobalSection
	GlobalSection(ProjectConfigurationPlatforms) = postSolution
		{57A599D4-9AA4-44E1-906D-70E388E61846}.Debug|Any CPU.ActiveCfg = Debug|Any CPU
		{57A599D4-9AA4-44E1-906D-70E388E61846}.Debug|Any CPU.Build.0 = Debug|Any CPU
		{57A599D4-9AA4-44E1-906D-70E388E61846}.Release|Any CPU.ActiveCfg = Release|Any CPU
		{57A599D4-9AA4-44E1-906D-70E388E61846}.Release|Any CPU.Build.0 = Release|Any CPU
		{DA090823-D96D-453B-B06C-B7C0542DFCD4}.Debug|Any CPU.ActiveCfg = Debug|Any CPU
		{DA090823-D96D-453B-B06C-B7C0542DFCD4}.Debug|Any CPU.Build.0 = Debug|Any CPU
		{DA090823-D96D-453B-B06C-B7C0542DFCD4}.Release|Any CPU.ActiveCfg = Release|Any CPU
		{DA090823-D96D-453B-B06C-B7C0542DFCD4}.Release|Any CPU.Build.0 = Release|Any CPU
	EndGlobalSection
EndGlobal
